{
  "nodes": {
    "nixpkgs": {
      "locked": {
        "lastModified": 1613431300,
        "narHash": "sha256-aL6iyY/zHLWluJNWr93DMyJa2rMC9ZHK/eR9KO0HFvw=",
        "owner": "NixOS",
        "repo": "nixpkgs",
        "rev": "c28984592cbfb92252b6addae2fff5958f8e15cc",
        "type": "github"
      },
      "original": {
        "owner": "NixOS",
        "ref": "master",
        "repo": "nixpkgs",
        "type": "github"
      }
    },
    "root": {
      "inputs": {
        "nixpkgs": "nixpkgs"
      }
    }
  },
  "root": "root",
  "version": 7
}
