{
  "nodes": {
    "pkgs": {
      "locked": {
        "lastModified": 1609710127,
        "narHash": "sha256-YyoX/XsnaiUO1JunQF/c+DfLNzHjZEiH3+w5279Ksog=",
        "owner": "NixOS",
        "repo": "nixpkgs",
        "rev": "9c9c6461ba79a6c233741760045f3b44be5924dd",
        "type": "github"
      },
      "original": {
        "owner": "NixOS",
        "ref": "master",
        "repo": "nixpkgs",
        "type": "github"
      }
    },
    "root": {
      "inputs": {
        "pkgs": "pkgs"
      }
    }
  },
  "root": "root",
  "version": 7
}
