{
  "nodes": {
    "pkgs": {
      "locked": {
        "lastModified": 1609632007,
        "narHash": "sha256-2vagiO8tqFJ8CfTnEIHsCR3eULmoMFSTFGduFdUN1Bw=",
        "owner": "NixOS",
        "repo": "nixpkgs",
        "rev": "e6f00abb561103bf62fe1f5968072da62394b1b4",
        "type": "github"
      },
      "original": {
        "owner": "NixOS",
        "ref": "master",
        "repo": "nixpkgs",
        "type": "github"
      }
    },
    "root": {
      "inputs": {
        "pkgs": "pkgs"
      }
    }
  },
  "root": "root",
  "version": 7
}
